// !$*UTF8*$!
{
	archiveVersion = 1;
	classes = {
	};
	objectVersion = 46;
	objects = {

/* Begin PBXBuildFile section */
		301A3E0B213C2D760037CE0F /* Interface.storyboard in Resources */ = {isa = PBXBuildFile; fileRef = 301A3E09213C2D760037CE0F /* Interface.storyboard */; };
		301A3E0D213C2D770037CE0F /* Assets.xcassets in Resources */ = {isa = PBXBuildFile; fileRef = 301A3E0C213C2D770037CE0F /* Assets.xcassets */; };
		301A3E14213C2D770037CE0F /* FunFactsWatch2 Extension.appex in Embed App Extensions */ = {isa = PBXBuildFile; fileRef = 301A3E13213C2D770037CE0F /* FunFactsWatch2 Extension.appex */; settings = {ATTRIBUTES = (RemoveHeadersOnCopy, ); }; };
		301A3E19213C2D770037CE0F /* FunInterfaceController.swift in Sources */ = {isa = PBXBuildFile; fileRef = 301A3E18213C2D770037CE0F /* FunInterfaceController.swift */; };
		301A3E1F213C2D780037CE0F /* Assets.xcassets in Resources */ = {isa = PBXBuildFile; fileRef = 301A3E1E213C2D780037CE0F /* Assets.xcassets */; };
		301A3E24213C2D780037CE0F /* FunFactsWatch2.app in Embed Watch Content */ = {isa = PBXBuildFile; fileRef = 301A3E07213C2D760037CE0F /* FunFactsWatch2.app */; };
		302119C4213C9D6D006CF0F4 /* FactModelWatch.swift in Sources */ = {isa = PBXBuildFile; fileRef = 302119C3213C9D6D006CF0F4 /* FactModelWatch.swift */; };
		302119C6213C9F79006CF0F4 /* ColorModelWatch.swift in Sources */ = {isa = PBXBuildFile; fileRef = 302119C5213C9F79006CF0F4 /* ColorModelWatch.swift */; };
		306236661CB308B000D33F10 /* Main.storyboard in Resources */ = {isa = PBXBuildFile; fileRef = 306236641CB308B000D33F10 /* Main.storyboard */; };
		306236681CB308B100D33F10 /* Assets.xcassets in Resources */ = {isa = PBXBuildFile; fileRef = 306236671CB308B100D33F10 /* Assets.xcassets */; };
		306236711CB32C5800D33F10 /* AppDelegate.swift in Sources */ = {isa = PBXBuildFile; fileRef = 306236601CB308B000D33F10 /* AppDelegate.swift */; };
		306236721CB32C5C00D33F10 /* ViewControllerTV.swift in Sources */ = {isa = PBXBuildFile; fileRef = 306236621CB308B000D33F10 /* ViewControllerTV.swift */; };
		306236741CB32CF000D33F10 /* ColorModelTV.swift in Sources */ = {isa = PBXBuildFile; fileRef = 306236731CB32CF000D33F10 /* ColorModelTV.swift */; };
		306236761CB32D4800D33F10 /* FactModelTV.swift in Sources */ = {isa = PBXBuildFile; fileRef = 306236751CB32D4800D33F10 /* FactModelTV.swift */; };
		30CEC158219D366700BF7324 /* ImageModel.swift in Sources */ = {isa = PBXBuildFile; fileRef = 30CEC157219D366700BF7324 /* ImageModel.swift */; };
		30D20AE81C6C01240057232C /* FactModel.swift in Sources */ = {isa = PBXBuildFile; fileRef = 30D20AE71C6C01240057232C /* FactModel.swift */; };
		30E67012214231160008F93E /* Assets.xcassets in Resources */ = {isa = PBXBuildFile; fileRef = 30E67011214231160008F93E /* Assets.xcassets */; };
		CDA9563E1BD9329E00CB9023 /* AppDelegate.swift in Sources */ = {isa = PBXBuildFile; fileRef = CDA9563D1BD9329E00CB9023 /* AppDelegate.swift */; };
		CDA956401BD9329E00CB9023 /* ViewController.swift in Sources */ = {isa = PBXBuildFile; fileRef = CDA9563F1BD9329E00CB9023 /* ViewController.swift */; };
		CDA956431BD9329E00CB9023 /* Main.storyboard in Resources */ = {isa = PBXBuildFile; fileRef = CDA956411BD9329E00CB9023 /* Main.storyboard */; };
		CDA956481BD9329E00CB9023 /* LaunchScreen.storyboard in Resources */ = {isa = PBXBuildFile; fileRef = CDA956461BD9329E00CB9023 /* LaunchScreen.storyboard */; };
		CDA956521BDD6A3900CB9023 /* ColorModel.swift in Sources */ = {isa = PBXBuildFile; fileRef = CDA956511BDD6A3900CB9023 /* ColorModel.swift */; };
/* End PBXBuildFile section */

/* Begin PBXContainerItemProxy section */
		301A3E15213C2D770037CE0F /* PBXContainerItemProxy */ = {
			isa = PBXContainerItemProxy;
			containerPortal = CDA956321BD9329D00CB9023 /* Project object */;
			proxyType = 1;
			remoteGlobalIDString = 301A3E12213C2D770037CE0F;
			remoteInfo = "FunFactsWatch2 Extension";
		};
		301A3E22213C2D780037CE0F /* PBXContainerItemProxy */ = {
			isa = PBXContainerItemProxy;
			containerPortal = CDA956321BD9329D00CB9023 /* Project object */;
			proxyType = 1;
			remoteGlobalIDString = 301A3E06213C2D760037CE0F;
			remoteInfo = FunFactsWatch2;
		};
/* End PBXContainerItemProxy section */

/* Begin PBXCopyFilesBuildPhase section */
		301A3E28213C2D780037CE0F /* Embed App Extensions */ = {
			isa = PBXCopyFilesBuildPhase;
			buildActionMask = 2147483647;
			dstPath = "";
			dstSubfolderSpec = 13;
			files = (
				301A3E14213C2D770037CE0F /* FunFactsWatch2 Extension.appex in Embed App Extensions */,
			);
			name = "Embed App Extensions";
			runOnlyForDeploymentPostprocessing = 0;
		};
		304D95F81CA62845002F00B2 /* Embed Watch Content */ = {
			isa = PBXCopyFilesBuildPhase;
			buildActionMask = 2147483647;
			dstPath = "$(CONTENTS_FOLDER_PATH)/Watch";
			dstSubfolderSpec = 16;
			files = (
				301A3E24213C2D780037CE0F /* FunFactsWatch2.app in Embed Watch Content */,
			);
			name = "Embed Watch Content";
			runOnlyForDeploymentPostprocessing = 0;
		};
/* End PBXCopyFilesBuildPhase section */

/* Begin PBXFileReference section */
		301A3E07213C2D760037CE0F /* FunFactsWatch2.app */ = {isa = PBXFileReference; explicitFileType = wrapper.application; includeInIndex = 0; path = FunFactsWatch2.app; sourceTree = BUILT_PRODUCTS_DIR; };
		301A3E0A213C2D760037CE0F /* Base */ = {isa = PBXFileReference; lastKnownFileType = file.storyboard; name = Base; path = Base.lproj/Interface.storyboard; sourceTree = "<group>"; };
		301A3E0C213C2D770037CE0F /* Assets.xcassets */ = {isa = PBXFileReference; lastKnownFileType = folder.assetcatalog; path = Assets.xcassets; sourceTree = "<group>"; };
		301A3E0E213C2D770037CE0F /* Info.plist */ = {isa = PBXFileReference; lastKnownFileType = text.plist.xml; path = Info.plist; sourceTree = "<group>"; };
		301A3E13213C2D770037CE0F /* FunFactsWatch2 Extension.appex */ = {isa = PBXFileReference; explicitFileType = "wrapper.app-extension"; includeInIndex = 0; path = "FunFactsWatch2 Extension.appex"; sourceTree = BUILT_PRODUCTS_DIR; };
		301A3E18213C2D770037CE0F /* FunInterfaceController.swift */ = {isa = PBXFileReference; lastKnownFileType = sourcecode.swift; path = FunInterfaceController.swift; sourceTree = "<group>"; };
		301A3E1E213C2D780037CE0F /* Assets.xcassets */ = {isa = PBXFileReference; lastKnownFileType = folder.assetcatalog; path = Assets.xcassets; sourceTree = "<group>"; };
		301A3E20213C2D780037CE0F /* Info.plist */ = {isa = PBXFileReference; lastKnownFileType = text.plist.xml; path = Info.plist; sourceTree = "<group>"; };
		302119C3213C9D6D006CF0F4 /* FactModelWatch.swift */ = {isa = PBXFileReference; lastKnownFileType = sourcecode.swift; path = FactModelWatch.swift; sourceTree = "<group>"; };
		302119C5213C9F79006CF0F4 /* ColorModelWatch.swift */ = {isa = PBXFileReference; lastKnownFileType = sourcecode.swift; path = ColorModelWatch.swift; sourceTree = "<group>"; };
		3062365E1CB308B000D33F10 /* FunFactsTVW.app */ = {isa = PBXFileReference; explicitFileType = wrapper.application; includeInIndex = 0; path = FunFactsTVW.app; sourceTree = BUILT_PRODUCTS_DIR; };
		306236601CB308B000D33F10 /* AppDelegate.swift */ = {isa = PBXFileReference; lastKnownFileType = sourcecode.swift; path = AppDelegate.swift; sourceTree = "<group>"; };
		306236621CB308B000D33F10 /* ViewControllerTV.swift */ = {isa = PBXFileReference; lastKnownFileType = sourcecode.swift; path = ViewControllerTV.swift; sourceTree = "<group>"; };
		306236651CB308B000D33F10 /* Base */ = {isa = PBXFileReference; lastKnownFileType = file.storyboard; name = Base; path = Base.lproj/Main.storyboard; sourceTree = "<group>"; };
		306236671CB308B100D33F10 /* Assets.xcassets */ = {isa = PBXFileReference; lastKnownFileType = folder.assetcatalog; path = Assets.xcassets; sourceTree = "<group>"; };
		306236691CB308B100D33F10 /* Info.plist */ = {isa = PBXFileReference; lastKnownFileType = text.plist.xml; path = Info.plist; sourceTree = "<group>"; };
		306236731CB32CF000D33F10 /* ColorModelTV.swift */ = {isa = PBXFileReference; fileEncoding = 4; lastKnownFileType = sourcecode.swift; path = ColorModelTV.swift; sourceTree = "<group>"; };
		306236751CB32D4800D33F10 /* FactModelTV.swift */ = {isa = PBXFileReference; fileEncoding = 4; lastKnownFileType = sourcecode.swift; path = FactModelTV.swift; sourceTree = "<group>"; };
		30CEC157219D366700BF7324 /* ImageModel.swift */ = {isa = PBXFileReference; lastKnownFileType = sourcecode.swift; path = ImageModel.swift; sourceTree = "<group>"; };
		30D20AE71C6C01240057232C /* FactModel.swift */ = {isa = PBXFileReference; fileEncoding = 4; lastKnownFileType = sourcecode.swift; path = FactModel.swift; sourceTree = "<group>"; };
		30E67011214231160008F93E /* Assets.xcassets */ = {isa = PBXFileReference; lastKnownFileType = folder.assetcatalog; path = Assets.xcassets; sourceTree = "<group>"; };
		CDA9563A1BD9329E00CB9023 /* Love Her.app */ = {isa = PBXFileReference; explicitFileType = wrapper.application; includeInIndex = 0; path = "Love Her.app"; sourceTree = BUILT_PRODUCTS_DIR; };
		CDA9563D1BD9329E00CB9023 /* AppDelegate.swift */ = {isa = PBXFileReference; lastKnownFileType = sourcecode.swift; path = AppDelegate.swift; sourceTree = "<group>"; };
		CDA9563F1BD9329E00CB9023 /* ViewController.swift */ = {isa = PBXFileReference; lastKnownFileType = sourcecode.swift; path = ViewController.swift; sourceTree = "<group>"; };
		CDA956421BD9329E00CB9023 /* Base */ = {isa = PBXFileReference; lastKnownFileType = file.storyboard; name = Base; path = Base.lproj/Main.storyboard; sourceTree = "<group>"; };
		CDA956471BD9329E00CB9023 /* Base */ = {isa = PBXFileReference; lastKnownFileType = file.storyboard; name = Base; path = Base.lproj/LaunchScreen.storyboard; sourceTree = "<group>"; };
		CDA956491BD9329E00CB9023 /* Info.plist */ = {isa = PBXFileReference; lastKnownFileType = text.plist.xml; path = Info.plist; sourceTree = "<group>"; };
		CDA956511BDD6A3900CB9023 /* ColorModel.swift */ = {isa = PBXFileReference; fileEncoding = 4; lastKnownFileType = sourcecode.swift; path = ColorModel.swift; sourceTree = "<group>"; };
/* End PBXFileReference section */

/* Begin PBXFrameworksBuildPhase section */
		301A3E10213C2D770037CE0F /* Frameworks */ = {
			isa = PBXFrameworksBuildPhase;
			buildActionMask = 2147483647;
			files = (
			);
			runOnlyForDeploymentPostprocessing = 0;
		};
		3062365B1CB308B000D33F10 /* Frameworks */ = {
			isa = PBXFrameworksBuildPhase;
			buildActionMask = 2147483647;
			files = (
			);
			runOnlyForDeploymentPostprocessing = 0;
		};
		CDA956371BD9329E00CB9023 /* Frameworks */ = {
			isa = PBXFrameworksBuildPhase;
			buildActionMask = 2147483647;
			files = (
			);
			runOnlyForDeploymentPostprocessing = 0;
		};
/* End PBXFrameworksBuildPhase section */

/* Begin PBXGroup section */
		301A3E08213C2D760037CE0F /* FunFactsWatch2 */ = {
			isa = PBXGroup;
			children = (
				301A3E09213C2D760037CE0F /* Interface.storyboard */,
				301A3E0C213C2D770037CE0F /* Assets.xcassets */,
				301A3E0E213C2D770037CE0F /* Info.plist */,
			);
			path = FunFactsWatch2;
			sourceTree = "<group>";
		};
		301A3E17213C2D770037CE0F /* FunFactsWatch2 Extension */ = {
			isa = PBXGroup;
			children = (
				301A3E18213C2D770037CE0F /* FunInterfaceController.swift */,
				301A3E1E213C2D780037CE0F /* Assets.xcassets */,
				301A3E20213C2D780037CE0F /* Info.plist */,
				302119C3213C9D6D006CF0F4 /* FactModelWatch.swift */,
				302119C5213C9F79006CF0F4 /* ColorModelWatch.swift */,
			);
			path = "FunFactsWatch2 Extension";
			sourceTree = "<group>";
		};
		3062365F1CB308B000D33F10 /* FunFactsTV */ = {
			isa = PBXGroup;
			children = (
				306236601CB308B000D33F10 /* AppDelegate.swift */,
				306236621CB308B000D33F10 /* ViewControllerTV.swift */,
				306236641CB308B000D33F10 /* Main.storyboard */,
				306236671CB308B100D33F10 /* Assets.xcassets */,
				306236691CB308B100D33F10 /* Info.plist */,
				306236731CB32CF000D33F10 /* ColorModelTV.swift */,
				306236751CB32D4800D33F10 /* FactModelTV.swift */,
			);
			path = FunFactsTV;
			sourceTree = "<group>";
		};
		CDA956311BD9329D00CB9023 = {
			isa = PBXGroup;
			children = (
				CDA9563C1BD9329E00CB9023 /* FunFacts */,
				3062365F1CB308B000D33F10 /* FunFactsTV */,
				301A3E08213C2D760037CE0F /* FunFactsWatch2 */,
				301A3E17213C2D770037CE0F /* FunFactsWatch2 Extension */,
				CDA9563B1BD9329E00CB9023 /* Products */,
			);
			sourceTree = "<group>";
		};
		CDA9563B1BD9329E00CB9023 /* Products */ = {
			isa = PBXGroup;
			children = (
				CDA9563A1BD9329E00CB9023 /* Love Her.app */,
				3062365E1CB308B000D33F10 /* FunFactsTVW.app */,
				301A3E07213C2D760037CE0F /* FunFactsWatch2.app */,
				301A3E13213C2D770037CE0F /* FunFactsWatch2 Extension.appex */,
			);
			name = Products;
			sourceTree = "<group>";
		};
		CDA9563C1BD9329E00CB9023 /* FunFacts */ = {
			isa = PBXGroup;
			children = (
				30E67011214231160008F93E /* Assets.xcassets */,
				CDA9563D1BD9329E00CB9023 /* AppDelegate.swift */,
				CDA9563F1BD9329E00CB9023 /* ViewController.swift */,
				CDA956411BD9329E00CB9023 /* Main.storyboard */,
				30D20AE71C6C01240057232C /* FactModel.swift */,
				CDA956461BD9329E00CB9023 /* LaunchScreen.storyboard */,
				CDA956491BD9329E00CB9023 /* Info.plist */,
				CDA956511BDD6A3900CB9023 /* ColorModel.swift */,
				30CEC157219D366700BF7324 /* ImageModel.swift */,
			);
			path = FunFacts;
			sourceTree = "<group>";
		};
/* End PBXGroup section */

/* Begin PBXNativeTarget section */
		301A3E06213C2D760037CE0F /* FunFactsWatch2 */ = {
			isa = PBXNativeTarget;
			buildConfigurationList = 301A3E29213C2D780037CE0F /* Build configuration list for PBXNativeTarget "FunFactsWatch2" */;
			buildPhases = (
				301A3E05213C2D760037CE0F /* Resources */,
				301A3E28213C2D780037CE0F /* Embed App Extensions */,
			);
			buildRules = (
			);
			dependencies = (
				301A3E16213C2D770037CE0F /* PBXTargetDependency */,
			);
			name = FunFactsWatch2;
			productName = FunFactsWatch2;
			productReference = 301A3E07213C2D760037CE0F /* FunFactsWatch2.app */;
			productType = "com.apple.product-type.application.watchapp2";
		};
		301A3E12213C2D770037CE0F /* FunFactsWatch2 Extension */ = {
			isa = PBXNativeTarget;
			buildConfigurationList = 301A3E25213C2D780037CE0F /* Build configuration list for PBXNativeTarget "FunFactsWatch2 Extension" */;
			buildPhases = (
				301A3E0F213C2D770037CE0F /* Sources */,
				301A3E10213C2D770037CE0F /* Frameworks */,
				301A3E11213C2D770037CE0F /* Resources */,
			);
			buildRules = (
			);
			dependencies = (
			);
			name = "FunFactsWatch2 Extension";
			productName = "FunFactsWatch2 Extension";
			productReference = 301A3E13213C2D770037CE0F /* FunFactsWatch2 Extension.appex */;
			productType = "com.apple.product-type.watchkit2-extension";
		};
		3062365D1CB308B000D33F10 /* FunFactsTVW */ = {
			isa = PBXNativeTarget;
			buildConfigurationList = 3062366A1CB308B100D33F10 /* Build configuration list for PBXNativeTarget "FunFactsTVW" */;
			buildPhases = (
				3062365A1CB308B000D33F10 /* Sources */,
				3062365B1CB308B000D33F10 /* Frameworks */,
				3062365C1CB308B000D33F10 /* Resources */,
			);
			buildRules = (
			);
			dependencies = (
			);
			name = FunFactsTVW;
			productName = FunFactsTV;
			productReference = 3062365E1CB308B000D33F10 /* FunFactsTVW.app */;
			productType = "com.apple.product-type.application";
		};
		CDA956391BD9329E00CB9023 /* Love Her */ = {
			isa = PBXNativeTarget;
			buildConfigurationList = CDA9564C1BD9329E00CB9023 /* Build configuration list for PBXNativeTarget "Love Her" */;
			buildPhases = (
				CDA956361BD9329E00CB9023 /* Sources */,
				CDA956371BD9329E00CB9023 /* Frameworks */,
				CDA956381BD9329E00CB9023 /* Resources */,
				304D95F81CA62845002F00B2 /* Embed Watch Content */,
			);
			buildRules = (
			);
			dependencies = (
				301A3E23213C2D780037CE0F /* PBXTargetDependency */,
			);
			name = "Love Her";
			productName = FunFacts;
			productReference = CDA9563A1BD9329E00CB9023 /* Love Her.app */;
			productType = "com.apple.product-type.application";
		};
/* End PBXNativeTarget section */

/* Begin PBXProject section */
		CDA956321BD9329D00CB9023 /* Project object */ = {
			isa = PBXProject;
			attributes = {
				LastSwiftUpdateCheck = 1000;
				LastUpgradeCheck = 1010;
				ORGANIZATIONNAME = Treehouse;
				TargetAttributes = {
					301A3E06213C2D760037CE0F = {
						CreatedOnToolsVersion = 10.0;
						DevelopmentTeam = S579MWX55N;
						ProvisioningStyle = Automatic;
					};
					301A3E12213C2D770037CE0F = {
						CreatedOnToolsVersion = 10.0;
						DevelopmentTeam = S579MWX55N;
						ProvisioningStyle = Automatic;
					};
					3062365D1CB308B000D33F10 = {
						CreatedOnToolsVersion = 7.3;
						DevelopmentTeam = S579MWX55N;
						ProvisioningStyle = Automatic;
						SystemCapabilities = {
							com.apple.DataProtection = {
								enabled = 0;
							};
							com.apple.Keychain = {
								enabled = 0;
							};
							com.apple.Push = {
								enabled = 0;
							};
							com.apple.iCloud = {
								enabled = 0;
							};
						};
					};
					CDA956391BD9329E00CB9023 = {
						CreatedOnToolsVersion = 7.1;
						DevelopmentTeam = S579MWX55N;
						ProvisioningStyle = Automatic;
						SystemCapabilities = {
							com.apple.iCloud = {
								enabled = 0;
							};
						};
					};
				};
			};
			buildConfigurationList = CDA956351BD9329D00CB9023 /* Build configuration list for PBXProject "Love Her" */;
			compatibilityVersion = "Xcode 3.2";
			developmentRegion = English;
			hasScannedForEncodings = 0;
			knownRegions = (
				en,
				Base,
			);
			mainGroup = CDA956311BD9329D00CB9023;
			productRefGroup = CDA9563B1BD9329E00CB9023 /* Products */;
			projectDirPath = "";
			projectRoot = "";
			targets = (
				CDA956391BD9329E00CB9023 /* Love Her */,
				3062365D1CB308B000D33F10 /* FunFactsTVW */,
				301A3E06213C2D760037CE0F /* FunFactsWatch2 */,
				301A3E12213C2D770037CE0F /* FunFactsWatch2 Extension */,
			);
		};
/* End PBXProject section */

/* Begin PBXResourcesBuildPhase section */
		301A3E05213C2D760037CE0F /* Resources */ = {
			isa = PBXResourcesBuildPhase;
			buildActionMask = 2147483647;
			files = (
				301A3E0D213C2D770037CE0F /* Assets.xcassets in Resources */,
				301A3E0B213C2D760037CE0F /* Interface.storyboard in Resources */,
			);
			runOnlyForDeploymentPostprocessing = 0;
		};
		301A3E11213C2D770037CE0F /* Resources */ = {
			isa = PBXResourcesBuildPhase;
			buildActionMask = 2147483647;
			files = (
				301A3E1F213C2D780037CE0F /* Assets.xcassets in Resources */,
			);
			runOnlyForDeploymentPostprocessing = 0;
		};
		3062365C1CB308B000D33F10 /* Resources */ = {
			isa = PBXResourcesBuildPhase;
			buildActionMask = 2147483647;
			files = (
				306236681CB308B100D33F10 /* Assets.xcassets in Resources */,
				306236661CB308B000D33F10 /* Main.storyboard in Resources */,
			);
			runOnlyForDeploymentPostprocessing = 0;
		};
		CDA956381BD9329E00CB9023 /* Resources */ = {
			isa = PBXResourcesBuildPhase;
			buildActionMask = 2147483647;
			files = (
				CDA956481BD9329E00CB9023 /* LaunchScreen.storyboard in Resources */,
				30E67012214231160008F93E /* Assets.xcassets in Resources */,
				CDA956431BD9329E00CB9023 /* Main.storyboard in Resources */,
			);
			runOnlyForDeploymentPostprocessing = 0;
		};
/* End PBXResourcesBuildPhase section */

/* Begin PBXSourcesBuildPhase section */
		301A3E0F213C2D770037CE0F /* Sources */ = {
			isa = PBXSourcesBuildPhase;
			buildActionMask = 2147483647;
			files = (
				302119C4213C9D6D006CF0F4 /* FactModelWatch.swift in Sources */,
				302119C6213C9F79006CF0F4 /* ColorModelWatch.swift in Sources */,
				301A3E19213C2D770037CE0F /* FunInterfaceController.swift in Sources */,
			);
			runOnlyForDeploymentPostprocessing = 0;
		};
		3062365A1CB308B000D33F10 /* Sources */ = {
			isa = PBXSourcesBuildPhase;
			buildActionMask = 2147483647;
			files = (
				306236721CB32C5C00D33F10 /* ViewControllerTV.swift in Sources */,
				306236761CB32D4800D33F10 /* FactModelTV.swift in Sources */,
				306236741CB32CF000D33F10 /* ColorModelTV.swift in Sources */,
				306236711CB32C5800D33F10 /* AppDelegate.swift in Sources */,
			);
			runOnlyForDeploymentPostprocessing = 0;
		};
		CDA956361BD9329E00CB9023 /* Sources */ = {
			isa = PBXSourcesBuildPhase;
			buildActionMask = 2147483647;
			files = (
				CDA956401BD9329E00CB9023 /* ViewController.swift in Sources */,
				30CEC158219D366700BF7324 /* ImageModel.swift in Sources */,
				30D20AE81C6C01240057232C /* FactModel.swift in Sources */,
				CDA9563E1BD9329E00CB9023 /* AppDelegate.swift in Sources */,
				CDA956521BDD6A3900CB9023 /* ColorModel.swift in Sources */,
			);
			runOnlyForDeploymentPostprocessing = 0;
		};
/* End PBXSourcesBuildPhase section */

/* Begin PBXTargetDependency section */
		301A3E16213C2D770037CE0F /* PBXTargetDependency */ = {
			isa = PBXTargetDependency;
			target = 301A3E12213C2D770037CE0F /* FunFactsWatch2 Extension */;
			targetProxy = 301A3E15213C2D770037CE0F /* PBXContainerItemProxy */;
		};
		301A3E23213C2D780037CE0F /* PBXTargetDependency */ = {
			isa = PBXTargetDependency;
			target = 301A3E06213C2D760037CE0F /* FunFactsWatch2 */;
			targetProxy = 301A3E22213C2D780037CE0F /* PBXContainerItemProxy */;
		};
/* End PBXTargetDependency section */

/* Begin PBXVariantGroup section */
		301A3E09213C2D760037CE0F /* Interface.storyboard */ = {
			isa = PBXVariantGroup;
			children = (
				301A3E0A213C2D760037CE0F /* Base */,
			);
			name = Interface.storyboard;
			sourceTree = "<group>";
		};
		306236641CB308B000D33F10 /* Main.storyboard */ = {
			isa = PBXVariantGroup;
			children = (
				306236651CB308B000D33F10 /* Base */,
			);
			name = Main.storyboard;
			sourceTree = "<group>";
		};
		CDA956411BD9329E00CB9023 /* Main.storyboard */ = {
			isa = PBXVariantGroup;
			children = (
				CDA956421BD9329E00CB9023 /* Base */,
			);
			name = Main.storyboard;
			sourceTree = "<group>";
		};
		CDA956461BD9329E00CB9023 /* LaunchScreen.storyboard */ = {
			isa = PBXVariantGroup;
			children = (
				CDA956471BD9329E00CB9023 /* Base */,
			);
			name = LaunchScreen.storyboard;
			sourceTree = "<group>";
		};
/* End PBXVariantGroup section */

/* Begin XCBuildConfiguration section */
		301A3E26213C2D780037CE0F /* Debug */ = {
			isa = XCBuildConfiguration;
			buildSettings = {
				CLANG_ANALYZER_NONNULL = YES;
				CLANG_ANALYZER_NUMBER_OBJECT_CONVERSION = YES_AGGRESSIVE;
				CLANG_CXX_LANGUAGE_STANDARD = "gnu++14";
				CLANG_ENABLE_OBJC_WEAK = YES;
				CLANG_WARN_BLOCK_CAPTURE_AUTORELEASING = YES;
				CLANG_WARN_COMMA = YES;
				CLANG_WARN_DEPRECATED_OBJC_IMPLEMENTATIONS = YES;
				CLANG_WARN_DOCUMENTATION_COMMENTS = YES;
				CLANG_WARN_INFINITE_RECURSION = YES;
				CLANG_WARN_NON_LITERAL_NULL_CONVERSION = YES;
				CLANG_WARN_OBJC_IMPLICIT_RETAIN_SELF = YES;
				CLANG_WARN_OBJC_LITERAL_CONVERSION = YES;
				CLANG_WARN_RANGE_LOOP_ANALYSIS = YES;
				CLANG_WARN_STRICT_PROTOTYPES = YES;
				CLANG_WARN_SUSPICIOUS_MOVE = YES;
				CLANG_WARN_UNGUARDED_AVAILABILITY = YES_AGGRESSIVE;
				CODE_SIGN_IDENTITY = "iPhone Developer";
				CODE_SIGN_STYLE = Automatic;
				DEVELOPMENT_TEAM = "";
				GCC_C_LANGUAGE_STANDARD = gnu11;
				INFOPLIST_FILE = "FunFactsWatch2 Extension/Info.plist";
				LD_RUNPATH_SEARCH_PATHS = "$(inherited) @executable_path/Frameworks @executable_path/../../Frameworks";
				MTL_ENABLE_DEBUG_INFO = INCLUDE_SOURCE;
				MTL_FAST_MATH = YES;
				PRODUCT_BUNDLE_IDENTIFIER = com.MattJoslin.FunFactsiOS.watchkitapp.watchkitextension;
				PRODUCT_NAME = "${TARGET_NAME}";
				PROVISIONING_PROFILE_SPECIFIER = "";
				SDKROOT = watchos;
				SKIP_INSTALL = YES;
				SWIFT_ACTIVE_COMPILATION_CONDITIONS = DEBUG;
				SWIFT_VERSION = 4.2;
				TARGETED_DEVICE_FAMILY = 4;
				WATCHOS_DEPLOYMENT_TARGET = 4.3;
			};
			name = Debug;
		};
		301A3E27213C2D780037CE0F /* Release */ = {
			isa = XCBuildConfiguration;
			buildSettings = {
				CLANG_ANALYZER_NONNULL = YES;
				CLANG_ANALYZER_NUMBER_OBJECT_CONVERSION = YES_AGGRESSIVE;
				CLANG_CXX_LANGUAGE_STANDARD = "gnu++14";
				CLANG_ENABLE_OBJC_WEAK = YES;
				CLANG_WARN_BLOCK_CAPTURE_AUTORELEASING = YES;
				CLANG_WARN_COMMA = YES;
				CLANG_WARN_DEPRECATED_OBJC_IMPLEMENTATIONS = YES;
				CLANG_WARN_DOCUMENTATION_COMMENTS = YES;
				CLANG_WARN_INFINITE_RECURSION = YES;
				CLANG_WARN_NON_LITERAL_NULL_CONVERSION = YES;
				CLANG_WARN_OBJC_IMPLICIT_RETAIN_SELF = YES;
				CLANG_WARN_OBJC_LITERAL_CONVERSION = YES;
				CLANG_WARN_RANGE_LOOP_ANALYSIS = YES;
				CLANG_WARN_STRICT_PROTOTYPES = YES;
				CLANG_WARN_SUSPICIOUS_MOVE = YES;
				CLANG_WARN_UNGUARDED_AVAILABILITY = YES_AGGRESSIVE;
				CODE_SIGN_IDENTITY = "iPhone Developer";
				CODE_SIGN_STYLE = Automatic;
				DEVELOPMENT_TEAM = "";
				GCC_C_LANGUAGE_STANDARD = gnu11;
				INFOPLIST_FILE = "FunFactsWatch2 Extension/Info.plist";
				LD_RUNPATH_SEARCH_PATHS = "$(inherited) @executable_path/Frameworks @executable_path/../../Frameworks";
				MTL_FAST_MATH = YES;
				PRODUCT_BUNDLE_IDENTIFIER = com.MattJoslin.FunFactsiOS.watchkitapp.watchkitextension;
				PRODUCT_NAME = "${TARGET_NAME}";
				PROVISIONING_PROFILE_SPECIFIER = "";
				SDKROOT = watchos;
				SKIP_INSTALL = YES;
				SWIFT_OPTIMIZATION_LEVEL = "-Owholemodule";
				SWIFT_VERSION = 4.2;
				TARGETED_DEVICE_FAMILY = 4;
				WATCHOS_DEPLOYMENT_TARGET = 4.3;
			};
			name = Release;
		};
		301A3E2A213C2D780037CE0F /* Debug */ = {
			isa = XCBuildConfiguration;
			buildSettings = {
				ALWAYS_EMBED_SWIFT_STANDARD_LIBRARIES = YES;
				ASSETCATALOG_COMPILER_APPICON_NAME = AppIconWatch;
				CLANG_ANALYZER_NONNULL = YES;
				CLANG_ANALYZER_NUMBER_OBJECT_CONVERSION = YES_AGGRESSIVE;
				CLANG_CXX_LANGUAGE_STANDARD = "gnu++14";
				CLANG_ENABLE_OBJC_WEAK = YES;
				CLANG_WARN_BLOCK_CAPTURE_AUTORELEASING = YES;
				CLANG_WARN_COMMA = YES;
				CLANG_WARN_DEPRECATED_OBJC_IMPLEMENTATIONS = YES;
				CLANG_WARN_DOCUMENTATION_COMMENTS = YES;
				CLANG_WARN_INFINITE_RECURSION = YES;
				CLANG_WARN_NON_LITERAL_NULL_CONVERSION = YES;
				CLANG_WARN_OBJC_IMPLICIT_RETAIN_SELF = YES;
				CLANG_WARN_OBJC_LITERAL_CONVERSION = YES;
				CLANG_WARN_RANGE_LOOP_ANALYSIS = YES;
				CLANG_WARN_STRICT_PROTOTYPES = YES;
				CLANG_WARN_SUSPICIOUS_MOVE = YES;
				CLANG_WARN_UNGUARDED_AVAILABILITY = YES_AGGRESSIVE;
				CODE_SIGN_IDENTITY = "iPhone Developer";
				CODE_SIGN_STYLE = Automatic;
				DEVELOPMENT_TEAM = "";
				GCC_C_LANGUAGE_STANDARD = gnu11;
				IBSC_MODULE = FunFactsWatch2_Extension;
				INFOPLIST_FILE = FunFactsWatch2/Info.plist;
				MTL_ENABLE_DEBUG_INFO = INCLUDE_SOURCE;
				MTL_FAST_MATH = YES;
				PRODUCT_BUNDLE_IDENTIFIER = com.MattJoslin.FunFactsiOS.watchkitapp;
				PRODUCT_NAME = "$(TARGET_NAME)";
				PROVISIONING_PROFILE_SPECIFIER = "";
				SDKROOT = watchos;
				SKIP_INSTALL = YES;
				SWIFT_ACTIVE_COMPILATION_CONDITIONS = DEBUG;
				SWIFT_VERSION = 4.2;
				TARGETED_DEVICE_FAMILY = 4;
				WATCHOS_DEPLOYMENT_TARGET = 4.0;
			};
			name = Debug;
		};
		301A3E2B213C2D780037CE0F /* Release */ = {
			isa = XCBuildConfiguration;
			buildSettings = {
				ALWAYS_EMBED_SWIFT_STANDARD_LIBRARIES = YES;
				ASSETCATALOG_COMPILER_APPICON_NAME = AppIconWatch;
				CLANG_ANALYZER_NONNULL = YES;
				CLANG_ANALYZER_NUMBER_OBJECT_CONVERSION = YES_AGGRESSIVE;
				CLANG_CXX_LANGUAGE_STANDARD = "gnu++14";
				CLANG_ENABLE_OBJC_WEAK = YES;
				CLANG_WARN_BLOCK_CAPTURE_AUTORELEASING = YES;
				CLANG_WARN_COMMA = YES;
				CLANG_WARN_DEPRECATED_OBJC_IMPLEMENTATIONS = YES;
				CLANG_WARN_DOCUMENTATION_COMMENTS = YES;
				CLANG_WARN_INFINITE_RECURSION = YES;
				CLANG_WARN_NON_LITERAL_NULL_CONVERSION = YES;
				CLANG_WARN_OBJC_IMPLICIT_RETAIN_SELF = YES;
				CLANG_WARN_OBJC_LITERAL_CONVERSION = YES;
				CLANG_WARN_RANGE_LOOP_ANALYSIS = YES;
				CLANG_WARN_STRICT_PROTOTYPES = YES;
				CLANG_WARN_SUSPICIOUS_MOVE = YES;
				CLANG_WARN_UNGUARDED_AVAILABILITY = YES_AGGRESSIVE;
				CODE_SIGN_IDENTITY = "iPhone Developer";
				CODE_SIGN_STYLE = Automatic;
				DEVELOPMENT_TEAM = "";
				GCC_C_LANGUAGE_STANDARD = gnu11;
				IBSC_MODULE = FunFactsWatch2_Extension;
				INFOPLIST_FILE = FunFactsWatch2/Info.plist;
				MTL_FAST_MATH = YES;
				PRODUCT_BUNDLE_IDENTIFIER = com.MattJoslin.FunFactsiOS.watchkitapp;
				PRODUCT_NAME = "$(TARGET_NAME)";
				PROVISIONING_PROFILE_SPECIFIER = "";
				SDKROOT = watchos;
				SKIP_INSTALL = YES;
				SWIFT_OPTIMIZATION_LEVEL = "-Owholemodule";
				SWIFT_VERSION = 4.2;
				TARGETED_DEVICE_FAMILY = 4;
				WATCHOS_DEPLOYMENT_TARGET = 4.0;
			};
			name = Release;
		};
		3062366B1CB308B100D33F10 /* Debug */ = {
			isa = XCBuildConfiguration;
			buildSettings = {
				ASSETCATALOG_COMPILER_APPICON_NAME = "Brand Assets";
				ASSETCATALOG_COMPILER_LAUNCHIMAGE_NAME = LaunchImageTV;
				CLANG_ANALYZER_NONNULL = YES;
				CLANG_USE_OPTIMIZATION_PROFILE = YES;
				CODE_SIGN_IDENTITY = "iPhone Developer";
				CODE_SIGN_STYLE = Automatic;
				DEVELOPMENT_TEAM = S579MWX55N;
				INFOPLIST_FILE = FunFactsTV/Info.plist;
				LD_RUNPATH_SEARCH_PATHS = "$(inherited) @executable_path/Frameworks";
				PRODUCT_BUNDLE_IDENTIFIER = com.MattJoslin.FunFactsTVW;
				PRODUCT_NAME = "$(TARGET_NAME)";
				PROVISIONING_PROFILE = "";
				PROVISIONING_PROFILE_SPECIFIER = "";
				SDKROOT = appletvos;
				"SDKROOT[arch=*]" = appletvos;
				SUPPORTED_PLATFORMS = "appletvsimulator appletvos";
				SWIFT_VERSION = 4.2;
				TARGETED_DEVICE_FAMILY = 3;
				TVOS_DEPLOYMENT_TARGET = 9.2;
			};
			name = Debug;
		};
		3062366C1CB308B100D33F10 /* Release */ = {
			isa = XCBuildConfiguration;
			buildSettings = {
				ASSETCATALOG_COMPILER_APPICON_NAME = "Brand Assets";
				ASSETCATALOG_COMPILER_LAUNCHIMAGE_NAME = LaunchImageTV;
				CLANG_ANALYZER_NONNULL = YES;
				CLANG_USE_OPTIMIZATION_PROFILE = YES;
				CODE_SIGN_IDENTITY = "iPhone Developer";
				CODE_SIGN_STYLE = Automatic;
				DEVELOPMENT_TEAM = S579MWX55N;
				INFOPLIST_FILE = FunFactsTV/Info.plist;
				LD_RUNPATH_SEARCH_PATHS = "$(inherited) @executable_path/Frameworks";
				PRODUCT_BUNDLE_IDENTIFIER = com.MattJoslin.FunFactsTVW;
				PRODUCT_NAME = "$(TARGET_NAME)";
				PROVISIONING_PROFILE = "";
				PROVISIONING_PROFILE_SPECIFIER = "";
				SDKROOT = appletvos;
				"SDKROOT[arch=*]" = appletvos;
				SUPPORTED_PLATFORMS = "appletvsimulator appletvos";
				SWIFT_VERSION = 4.2;
				TARGETED_DEVICE_FAMILY = 3;
				TVOS_DEPLOYMENT_TARGET = 9.2;
			};
			name = Release;
		};
		CDA9564A1BD9329E00CB9023 /* Debug */ = {
			isa = XCBuildConfiguration;
			buildSettings = {
				ALWAYS_SEARCH_USER_PATHS = NO;
				CLANG_CXX_LANGUAGE_STANDARD = "gnu++0x";
				CLANG_CXX_LIBRARY = "libc++";
				CLANG_ENABLE_MODULES = YES;
				CLANG_ENABLE_OBJC_ARC = YES;
				CLANG_WARN_BLOCK_CAPTURE_AUTORELEASING = YES;
				CLANG_WARN_BOOL_CONVERSION = YES;
				CLANG_WARN_COMMA = YES;
				CLANG_WARN_CONSTANT_CONVERSION = YES;
				CLANG_WARN_DEPRECATED_OBJC_IMPLEMENTATIONS = YES;
				CLANG_WARN_DIRECT_OBJC_ISA_USAGE = YES_ERROR;
				CLANG_WARN_EMPTY_BODY = YES;
				CLANG_WARN_ENUM_CONVERSION = YES;
				CLANG_WARN_INFINITE_RECURSION = YES;
				CLANG_WARN_INT_CONVERSION = YES;
				CLANG_WARN_NON_LITERAL_NULL_CONVERSION = YES;
				CLANG_WARN_OBJC_IMPLICIT_RETAIN_SELF = YES;
				CLANG_WARN_OBJC_LITERAL_CONVERSION = YES;
				CLANG_WARN_OBJC_ROOT_CLASS = YES_ERROR;
				CLANG_WARN_RANGE_LOOP_ANALYSIS = YES;
				CLANG_WARN_STRICT_PROTOTYPES = YES;
				CLANG_WARN_SUSPICIOUS_MOVE = YES;
				CLANG_WARN_UNREACHABLE_CODE = YES;
				CLANG_WARN__DUPLICATE_METHOD_MATCH = YES;
				COPY_PHASE_STRIP = NO;
				DEBUG_INFORMATION_FORMAT = dwarf;
				ENABLE_STRICT_OBJC_MSGSEND = YES;
				ENABLE_TESTABILITY = YES;
				GCC_C_LANGUAGE_STANDARD = gnu99;
				GCC_DYNAMIC_NO_PIC = NO;
				GCC_NO_COMMON_BLOCKS = YES;
				GCC_OPTIMIZATION_LEVEL = 0;
				GCC_PREPROCESSOR_DEFINITIONS = (
					"DEBUG=1",
					"$(inherited)",
				);
				GCC_WARN_64_TO_32_BIT_CONVERSION = YES;
				GCC_WARN_ABOUT_RETURN_TYPE = YES_ERROR;
				GCC_WARN_UNDECLARED_SELECTOR = YES;
				GCC_WARN_UNINITIALIZED_AUTOS = YES_AGGRESSIVE;
				GCC_WARN_UNUSED_FUNCTION = YES;
				GCC_WARN_UNUSED_VARIABLE = YES;
				IPHONEOS_DEPLOYMENT_TARGET = 9.1;
				MTL_ENABLE_DEBUG_INFO = YES;
				ONLY_ACTIVE_ARCH = YES;
				SDKROOT = iphoneos;
				SWIFT_OPTIMIZATION_LEVEL = "-Onone";
			};
			name = Debug;
		};
		CDA9564B1BD9329E00CB9023 /* Release */ = {
			isa = XCBuildConfiguration;
			buildSettings = {
				ALWAYS_SEARCH_USER_PATHS = NO;
				CLANG_CXX_LANGUAGE_STANDARD = "gnu++0x";
				CLANG_CXX_LIBRARY = "libc++";
				CLANG_ENABLE_MODULES = YES;
				CLANG_ENABLE_OBJC_ARC = YES;
				CLANG_WARN_BLOCK_CAPTURE_AUTORELEASING = YES;
				CLANG_WARN_BOOL_CONVERSION = YES;
				CLANG_WARN_COMMA = YES;
				CLANG_WARN_CONSTANT_CONVERSION = YES;
				CLANG_WARN_DEPRECATED_OBJC_IMPLEMENTATIONS = YES;
				CLANG_WARN_DIRECT_OBJC_ISA_USAGE = YES_ERROR;
				CLANG_WARN_EMPTY_BODY = YES;
				CLANG_WARN_ENUM_CONVERSION = YES;
				CLANG_WARN_INFINITE_RECURSION = YES;
				CLANG_WARN_INT_CONVERSION = YES;
				CLANG_WARN_NON_LITERAL_NULL_CONVERSION = YES;
				CLANG_WARN_OBJC_IMPLICIT_RETAIN_SELF = YES;
				CLANG_WARN_OBJC_LITERAL_CONVERSION = YES;
				CLANG_WARN_OBJC_ROOT_CLASS = YES_ERROR;
				CLANG_WARN_RANGE_LOOP_ANALYSIS = YES;
				CLANG_WARN_STRICT_PROTOTYPES = YES;
				CLANG_WARN_SUSPICIOUS_MOVE = YES;
				CLANG_WARN_UNREACHABLE_CODE = YES;
				CLANG_WARN__DUPLICATE_METHOD_MATCH = YES;
				COPY_PHASE_STRIP = NO;
				DEBUG_INFORMATION_FORMAT = "dwarf-with-dsym";
				ENABLE_NS_ASSERTIONS = NO;
				ENABLE_STRICT_OBJC_MSGSEND = YES;
				GCC_C_LANGUAGE_STANDARD = gnu99;
				GCC_NO_COMMON_BLOCKS = YES;
				GCC_WARN_64_TO_32_BIT_CONVERSION = YES;
				GCC_WARN_ABOUT_RETURN_TYPE = YES_ERROR;
				GCC_WARN_UNDECLARED_SELECTOR = YES;
				GCC_WARN_UNINITIALIZED_AUTOS = YES_AGGRESSIVE;
				GCC_WARN_UNUSED_FUNCTION = YES;
				GCC_WARN_UNUSED_VARIABLE = YES;
				IPHONEOS_DEPLOYMENT_TARGET = 9.1;
				MTL_ENABLE_DEBUG_INFO = NO;
				SDKROOT = iphoneos;
				SWIFT_COMPILATION_MODE = wholemodule;
				VALIDATE_PRODUCT = YES;
			};
			name = Release;
		};
		CDA9564D1BD9329E00CB9023 /* Debug */ = {
			isa = XCBuildConfiguration;
			buildSettings = {
				ASSETCATALOG_COMPILER_APPICON_NAME = AppIcon;
				ASSETCATALOG_COMPILER_LAUNCHIMAGE_NAME = LaunchImage;
				CLANG_USE_OPTIMIZATION_PROFILE = YES;
				CODE_SIGN_IDENTITY = "iPhone Developer";
				CODE_SIGN_STYLE = Automatic;
				DEVELOPMENT_TEAM = S579MWX55N;
				INFOPLIST_FILE = FunFacts/Info.plist;
				IPHONEOS_DEPLOYMENT_TARGET = 9.0;
				LD_RUNPATH_SEARCH_PATHS = "$(inherited) @executable_path/Frameworks";
				PRODUCT_BUNDLE_IDENTIFIER = com.MattJoslin.FunFactsiOS;
				PRODUCT_NAME = "Love Her";
				PROVISIONING_PROFILE = "";
				PROVISIONING_PROFILE_SPECIFIER = "";
				SWIFT_VERSION = 4.2;
				TARGETED_DEVICE_FAMILY = 1;
			};
			name = Debug;
		};
		CDA9564E1BD9329E00CB9023 /* Release */ = {
			isa = XCBuildConfiguration;
			buildSettings = {
				ASSETCATALOG_COMPILER_APPICON_NAME = AppIcon;
				ASSETCATALOG_COMPILER_LAUNCHIMAGE_NAME = LaunchImage;
				CLANG_USE_OPTIMIZATION_PROFILE = YES;
				CODE_SIGN_IDENTITY = "iPhone Developer";
				CODE_SIGN_STYLE = Automatic;
				DEVELOPMENT_TEAM = S579MWX55N;
				INFOPLIST_FILE = FunFacts/Info.plist;
				IPHONEOS_DEPLOYMENT_TARGET = 9.0;
				LD_RUNPATH_SEARCH_PATHS = "$(inherited) @executable_path/Frameworks";
				ONLY_ACTIVE_ARCH = YES;
				PRODUCT_BUNDLE_IDENTIFIER = com.MattJoslin.FunFactsiOS;
				PRODUCT_NAME = "Love Her";
				PROVISIONING_PROFILE = "";
				PROVISIONING_PROFILE_SPECIFIER = "";
				SWIFT_VERSION = 4.2;
				TARGETED_DEVICE_FAMILY = 1;
			};
			name = Release;
		};
/* End XCBuildConfiguration section */

/* Begin XCConfigurationList section */
		301A3E25213C2D780037CE0F /* Build configuration list for PBXNativeTarget "FunFactsWatch2 Extension" */ = {
			isa = XCConfigurationList;
			buildConfigurations = (
				301A3E26213C2D780037CE0F /* Debug */,
				301A3E27213C2D780037CE0F /* Release */,
			);
			defaultConfigurationIsVisible = 0;
			defaultConfigurationName = Release;
		};
		301A3E29213C2D780037CE0F /* Build configuration list for PBXNativeTarget "FunFactsWatch2" */ = {
			isa = XCConfigurationList;
			buildConfigurations = (
				301A3E2A213C2D780037CE0F /* Debug */,
				301A3E2B213C2D780037CE0F /* Release */,
			);
			defaultConfigurationIsVisible = 0;
			defaultConfigurationName = Release;
		};
		3062366A1CB308B100D33F10 /* Build configuration list for PBXNativeTarget "FunFactsTVW" */ = {
			isa = XCConfigurationList;
			buildConfigurations = (
				3062366B1CB308B100D33F10 /* Debug */,
				3062366C1CB308B100D33F10 /* Release */,
			);
			defaultConfigurationIsVisible = 0;
			defaultConfigurationName = Release;
		};
		CDA956351BD9329D00CB9023 /* Build configuration list for PBXProject "Love Her" */ = {
			isa = XCConfigurationList;
			buildConfigurations = (
				CDA9564A1BD9329E00CB9023 /* Debug */,
				CDA9564B1BD9329E00CB9023 /* Release */,
			);
			defaultConfigurationIsVisible = 0;
			defaultConfigurationName = Release;
		};
		CDA9564C1BD9329E00CB9023 /* Build configuration list for PBXNativeTarget "Love Her" */ = {
			isa = XCConfigurationList;
			buildConfigurations = (
				CDA9564D1BD9329E00CB9023 /* Debug */,
				CDA9564E1BD9329E00CB9023 /* Release */,
			);
			defaultConfigurationIsVisible = 0;
			defaultConfigurationName = Release;
		};
/* End XCConfigurationList section */
	};
	rootObject = CDA956321BD9329D00CB9023 /* Project object */;
}
